
Microsoft Visual Studio Solution File, Format Version 12.00
# Visual Studio 15
VisualStudioVersion = 15.0.28307.960
MinimumVisualStudioVersion = 10.0.40219.1
Project("{FAE04EC0-301F-11D3-BF4B-00C04F79EFBC}") = "HashUtility", "HashUtility\HashUtility.csproj", "{DE1FFDD4-F19B-44DD-A05F-CE04F6A39A99}"
EndProject
Global
	GlobalSection(SolutionConfigurationPlatforms) = preSolution
		Debug|Any CPU = Debug|Any CPU
		Release|Any CPU = Release|Any CPU
	EndGlobalSection
	GlobalSection(ProjectConfigurationPlatforms) = postSolution
		{DE1FFDD4-F19B-44DD-A05F-CE04F6A39A99}.Debug|Any CPU.ActiveCfg = Debug|Any CPU
		{DE1FFDD4-F19B-44DD-A05F-CE04F6A39A99}.Debug|Any CPU.Build.0 = Debug|Any CPU
		{DE1FFDD4-F19B-44DD-A05F-CE04F6A39A99}.Release|Any CPU.ActiveCfg = Release|Any CPU
		{DE1FFDD4-F19B-44DD-A05F-CE04F6A39A99}.Release|Any CPU.Build.0 = Release|Any CPU
	EndGlobalSection
	GlobalSection(SolutionProperties) = preSolution
		HideSolutionNode = FALSE
	EndGlobalSection
	GlobalSection(ExtensibilityGlobals) = postSolution
		SolutionGuid = {955D1617-8A7C-439C-A952-7D401BBA31D0}
	EndGlobalSection
EndGlobal
